
Microsoft Visual Studio Solution File, Format Version 12.00
# Visual Studio Version 17
VisualStudioVersion = 17.10.34530.61
MinimumVisualStudioVersion = 10.0.40219.1
Project("{FAE04EC0-301F-11D3-BF4B-00C04F79EFBC}") = "WorkItems", "WorkItems\WorkItems.csproj", "{D6A64130-A1BD-4D94-A01F-D86211DEA85E}"
EndProject
Global
	GlobalSection(SolutionConfigurationPlatforms) = preSolution
		Debug|Any CPU = Debug|Any CPU
		Release|Any CPU = Release|Any CPU
	EndGlobalSection
	GlobalSection(ProjectConfigurationPlatforms) = postSolution
		{D6A64130-A1BD-4D94-A01F-D86211DEA85E}.Debug|Any CPU.ActiveCfg = Debug|Any CPU
		{D6A64130-A1BD-4D94-A01F-D86211DEA85E}.Debug|Any CPU.Build.0 = Debug|Any CPU
		{D6A64130-A1BD-4D94-A01F-D86211DEA85E}.Debug|Any CPU.Deploy.0 = Debug|Any CPU
		{D6A64130-A1BD-4D94-A01F-D86211DEA85E}.Release|Any CPU.ActiveCfg = Release|Any CPU
		{D6A64130-A1BD-4D94-A01F-D86211DEA85E}.Release|Any CPU.Build.0 = Release|Any CPU
		{D6A64130-A1BD-4D94-A01F-D86211DEA85E}.Release|Any CPU.Deploy.0 = Release|Any CPU
	EndGlobalSection
	GlobalSection(SolutionProperties) = preSolution
		HideSolutionNode = FALSE
	EndGlobalSection
	GlobalSection(ExtensibilityGlobals) = postSolution
		SolutionGuid = {7370B847-9FC0-4FA7-8682-448210C61D6D}
	EndGlobalSection
EndGlobal
